
Microsoft Visual Studio Solution File, Format Version 12.00
# Visual Studio Version 16
VisualStudioVersion = 16.0.31402.337
MinimumVisualStudioVersion = 10.0.40219.1
Project("{2150E333-8FDC-42A3-9474-1A3956D46DE8}") = "Module", "Module", "{311E364D-CE01-4AF5-868A-43E00CDFD514}"
EndProject
Project("{FAE04EC0-301F-11D3-BF4B-00C04F79EFBC}") = "ManagerCrawl", "ManagerCrawl\ManagerCrawl.csproj", "{8A845E6C-8B41-49C2-8CF8-CE7DF3CB933B}"
EndProject
Global
	GlobalSection(SolutionConfigurationPlatforms) = preSolution
		Debug|Any CPU = Debug|Any CPU
		Release|Any CPU = Release|Any CPU
	EndGlobalSection
	GlobalSection(ProjectConfigurationPlatforms) = postSolution
		{8A845E6C-8B41-49C2-8CF8-CE7DF3CB933B}.Debug|Any CPU.ActiveCfg = Debug|Any CPU
		{8A845E6C-8B41-49C2-8CF8-CE7DF3CB933B}.Debug|Any CPU.Build.0 = Debug|Any CPU
		{8A845E6C-8B41-49C2-8CF8-CE7DF3CB933B}.Release|Any CPU.ActiveCfg = Release|Any CPU
		{8A845E6C-8B41-49C2-8CF8-CE7DF3CB933B}.Release|Any CPU.Build.0 = Release|Any CPU
	EndGlobalSection
	GlobalSection(SolutionProperties) = preSolution
		HideSolutionNode = FALSE
	EndGlobalSection
	GlobalSection(ExtensibilityGlobals) = postSolution
		SolutionGuid = {D5ADE499-E405-43B1-B8E4-1F6A34267B61}
	EndGlobalSection
EndGlobal
